<?xml version="1.0" encoding="utf-8"?>
<Project ToolsVersion="4.0" xmlns="http://schemas.microsoft.com/developer/msbuild/2003">
  <ItemGroup>
    <Filter Include="Source Files">
      <UniqueIdentifier>{4FC737F1-C7A5-4376-A066-2A32D752A2FF}</UniqueIdentifier>
      <Extensions>cpp;c;cc;cxx;def;odl;idl;hpj;bat;asm;asmx</Extensions>
    </Filter>
    <Filter Include="Header Files">
      <UniqueIdentifier>{93995380-89BD-4b04-88EB-625FBE52EBFB}</UniqueIdentifier>
      <Extensions>h;hh;hpp;hxx;hm;inl;inc;ipp;xsd</Extensions>
    </Filter>
    <Filter Include="Resource Files">
      <UniqueIdentifier>{67DA6AB6-F800-4c08-8B7A-83BB121AAD01}</UniqueIdentifier>
      <Extensions>rc;ico;cur;bmp;dlg;rc2;rct;bin;rgs;gif;jpg;jpeg;jpe;resx;tiff;tif;png;wav;mfcribbon-ms</Extensions>
    </Filter>
    <Filter Include="Source Files\Shaders">
      <UniqueIdentifier>{957a73cc-e0f2-4f2d-ac4e-54250b7480eb}</UniqueIdentifier>
    </Filter>
    <Filter Include="Source Files\Objects">
      <UniqueIdentifier>{19519f93-dc73-4408-8c14-782e79a993ed}</UniqueIdentifier>
    </Filter>
    <Filter Include="Header Files\Objects">
      <UniqueIdentifier>{47a0a90a-1bae-481f-9450-a2347020553a}</UniqueIdentifier>
    </Filter>
    <Filter Include="Header Files\Scene Graph">
      <UniqueIdentifier>{8f29ffe9-6019-4710-a9f9-67f640ca7f44}</UniqueIdentifier>
    </Filter>
    <Filter Include="Source Files\Scene graph">
      <UniqueIdentifier>{abfb02e9-b1a8-4049-8c2b-7533b5d2519f}</UniqueIdentifier>
    </Filter>
  </ItemGroup>
  <ItemGroup>
    <ClCompile Include="src\Application.cpp">
      <Filter>Source Files</Filter>
    </ClCompile>
    <ClCompile Include="src\GLUTCallbacks.cpp">
      <Filter>Source Files</Filter>
    </ClCompile>
    <ClCompile Include="src\LoadTexture2DBMP.cpp">
      <Filter>Source Files</Filter>
    </ClCompile>
    <ClCompile Include="src\main.cpp">
      <Filter>Source Files</Filter>
    </ClCompile>
    <ClCompile Include="src\MeshLoaderOBJ.cpp">
      <Filter>Source Files</Filter>
    </ClCompile>
    <ClCompile Include="src\ShaderLoader.cpp">
      <Filter>Source Files</Filter>
    </ClCompile>
    <ClCompile Include="src\Camera.cpp">
      <Filter>Source Files</Filter>
    </ClCompile>
    <ClCompile Include="src\LinkedList.cpp">
      <Filter>Source Files</Filter>
    </ClCompile>
    <ClCompile Include="src\SceneNode.cpp">
      <Filter>Source Files\Scene graph</Filter>
    </ClCompile>
    <ClCompile Include="src\SceneNode_Static.cpp">
      <Filter>Source Files\Scene graph</Filter>
    </ClCompile>
    <ClCompile Include="src\SceneNode_Dynamic.cpp">
      <Filter>Source Files\Scene graph</Filter>
    </ClCompile>
    <ClCompile Include="src\Tank.cpp">
      <Filter>Source Files\Objects</Filter>
    </ClCompile>
    <ClCompile Include="src\Camera_Tank.cpp">
      <Filter>Source Files</Filter>
    </ClCompile>
    <ClCompile Include="src\Scene.cpp">
      <Filter>Source Files\Objects</Filter>
    </ClCompile>
  </ItemGroup>
  <ItemGroup>
    <ClInclude Include="src\Application.h">
      <Filter>Header Files</Filter>
    </ClInclude>
    <ClInclude Include="src\GLUTCallbacks.h">
      <Filter>Header Files</Filter>
    </ClInclude>
    <ClInclude Include="src\LoadTexture2DBMP.h">
      <Filter>Header Files</Filter>
    </ClInclude>
    <ClInclude Include="src\MeshLoaderOBJ.h">
      <Filter>Header Files</Filter>
    </ClInclude>
    <ClInclude Include="src\ShaderLoader.h">
      <Filter>Header Files</Filter>
    </ClInclude>
    <ClInclude Include="src\Structures.h">
      <Filter>Header Files</Filter>
    </ClInclude>
    <ClInclude Include="src\Camera.h">
      <Filter>Header Files</Filter>
    </ClInclude>
    <ClInclude Include="src\LinkedList.h">
      <Filter>Header Files</Filter>
    </ClInclude>
    <ClInclude Include="src\SceneNode.h">
      <Filter>Header Files\Scene Graph</Filter>
    </ClInclude>
    <ClInclude Include="src\SceneNode_Static.h">
      <Filter>Header Files\Scene Graph</Filter>
    </ClInclude>
    <ClInclude Include="src\SceneNode_Dynamic.h">
      <Filter>Header Files\Scene Graph</Filter>
    </ClInclude>
    <ClInclude Include="src\Tank.h">
      <Filter>Header Files\Objects</Filter>
    </ClInclude>
    <ClInclude Include="src\Camera_Tank.h">
      <Filter>Header Files</Filter>
    </ClInclude>
    <ClInclude Include="src\Scene.h">
      <Filter>Header Files\Objects</Filter>
    </ClInclude>
  </ItemGroup>
  <ItemGroup>
    <None Include="src\shaders\SimpleFragmentShader.frag">
      <Filter>Source Files\Shaders</Filter>
    </None>
    <None Include="src\shaders\SimpleVertexShader.vert">
      <Filter>Source Files\Shaders</Filter>
    </None>
  </ItemGroup>
</Project>